<?xml version="1.0" encoding="utf-8"?>
<Project ToolsVersion="4.0" xmlns="http://schemas.microsoft.com/developer/msbuild/2003">
  <ItemGroup>
    <Filter Include="win32">
      <UniqueIdentifier>{84a8ebd7-7cf0-47f6-b75e-d441df67da40}</UniqueIdentifier>
    </Filter>
    <Filter Include="resource">
      <UniqueIdentifier>{715254bc-d70b-4ec5-bf29-467dd3ace079}</UniqueIdentifier>
    </Filter>
    <Filter Include="src">
      <UniqueIdentifier>{bb6c862e-70e9-49d9-81b7-3829a6f50471}</UniqueIdentifier>
    </Filter>
  </ItemGroup>
  <ItemGroup>
    <ClCompile Include="main.cpp">
      <Filter>win32</Filter>
    </ClCompile>
    <ClCompile Include="..\Classes\AppDelegate.cpp">
      <Filter>src</Filter>
    </ClCompile>
    <ClCompile Include="..\Classes\BackgroundViewController.cpp">
      <Filter>src</Filter>
    </ClCompile>
    <ClCompile Include="..\Classes\MenuViewController.cpp">
      <Filter>src</Filter>
    </ClCompile>
    <ClCompile Include="..\Classes\PlayViewController.cpp">
      <Filter>src</Filter>
    </ClCompile>
    <ClCompile Include="..\Classes\BulletStrategy.cpp">
      <Filter>src</Filter>
    </ClCompile>
    <ClCompile Include="..\Classes\CollisionStrategy.cpp">
      <Filter>src</Filter>
    </ClCompile>
    <ClCompile Include="..\Classes\HeroPlaneStrategy.cpp">
      <Filter>src</Filter>
    </ClCompile>
    <ClCompile Include="..\Classes\EnemyPlaneStrategy.cpp">
      <Filter>src</Filter>
    </ClCompile>
  </ItemGroup>
  <ItemGroup>
    <ClInclude Include="main.h">
      <Filter>win32</Filter>
    </ClInclude>
    <ClInclude Include="..\Classes\AppDelegate.h">
      <Filter>src</Filter>
    </ClInclude>
    <ClInclude Include="..\Classes\BackgroundViewController.h">
      <Filter>src</Filter>
    </ClInclude>
    <ClInclude Include="..\Classes\MenuViewController.h">
      <Filter>src</Filter>
    </ClInclude>
    <ClInclude Include="..\Classes\PlayViewController.h">
      <Filter>src</Filter>
    </ClInclude>
    <ClInclude Include="..\Classes\TargetAudio.h">
      <Filter>src</Filter>
    </ClInclude>
    <ClInclude Include="..\Classes\TypeDef.h">
      <Filter>src</Filter>
    </ClInclude>
    <ClInclude Include="..\Classes\BulletStrategy.h">
      <Filter>src</Filter>
    </ClInclude>
    <ClInclude Include="..\Classes\CollisionStrategy.h">
      <Filter>src</Filter>
    </ClInclude>
    <ClInclude Include="..\Classes\HeroPlaneStrategy.h">
      <Filter>src</Filter>
    </ClInclude>
    <ClInclude Include="..\Classes\EnemyPlaneStrategy.h">
      <Filter>src</Filter>
    </ClInclude>
  </ItemGroup>
  <ItemGroup>
    <ResourceCompile Include="game.rc">
      <Filter>resource</Filter>
    </ResourceCompile>
  </ItemGroup>
</Project>